
Microsoft Visual Studio Solution File, Format Version 12.00
# Visual Studio Version 17
VisualStudioVersion = 17.9.34723.18
MinimumVisualStudioVersion = 10.0.40219.1
Project("{8BC9CEB8-8B4A-11D0-8D11-00A0C91BC942}") = "thread_hijacking - Remote thread", "thread_hijacking - Remote thread.vcxproj", "{C54A82F1-968B-496B-AAA6-6AE052F1FFCE}"
EndProject
Global
	GlobalSection(SolutionConfigurationPlatforms) = preSolution
		Debug|x64 = Debug|x64
		Debug|x86 = Debug|x86
		Release|x64 = Release|x64
		Release|x86 = Release|x86
	EndGlobalSection
	GlobalSection(ProjectConfigurationPlatforms) = postSolution
		{C54A82F1-968B-496B-AAA6-6AE052F1FFCE}.Debug|x64.ActiveCfg = Debug|x64
		{C54A82F1-968B-496B-AAA6-6AE052F1FFCE}.Debug|x64.Build.0 = Debug|x64
		{C54A82F1-968B-496B-AAA6-6AE052F1FFCE}.Debug|x86.ActiveCfg = Debug|Win32
		{C54A82F1-968B-496B-AAA6-6AE052F1FFCE}.Debug|x86.Build.0 = Debug|Win32
		{C54A82F1-968B-496B-AAA6-6AE052F1FFCE}.Release|x64.ActiveCfg = Release|x64
		{C54A82F1-968B-496B-AAA6-6AE052F1FFCE}.Release|x64.Build.0 = Release|x64
		{C54A82F1-968B-496B-AAA6-6AE052F1FFCE}.Release|x86.ActiveCfg = Release|Win32
		{C54A82F1-968B-496B-AAA6-6AE052F1FFCE}.Release|x86.Build.0 = Release|Win32
	EndGlobalSection
	GlobalSection(SolutionProperties) = preSolution
		HideSolutionNode = FALSE
	EndGlobalSection
	GlobalSection(ExtensibilityGlobals) = postSolution
		SolutionGuid = {BF6525B2-5FF0-45A1-8B76-23FE39CC4352}
	EndGlobalSection
EndGlobal
