
Microsoft Visual Studio Solution File, Format Version 12.00
# Visual Studio Version 17
VisualStudioVersion = 17.9.34723.18
MinimumVisualStudioVersion = 10.0.40219.1
Project("{8BC9CEB8-8B4A-11D0-8D11-00A0C91BC942}") = "registry key value setting", "registry key value setting.vcxproj", "{F606F1DB-DF8C-4434-A04C-D25B00C3B117}"
EndProject
Global
	GlobalSection(SolutionConfigurationPlatforms) = preSolution
		Debug|x64 = Debug|x64
		Debug|x86 = Debug|x86
		Release|x64 = Release|x64
		Release|x86 = Release|x86
	EndGlobalSection
	GlobalSection(ProjectConfigurationPlatforms) = postSolution
		{F606F1DB-DF8C-4434-A04C-D25B00C3B117}.Debug|x64.ActiveCfg = Debug|x64
		{F606F1DB-DF8C-4434-A04C-D25B00C3B117}.Debug|x64.Build.0 = Debug|x64
		{F606F1DB-DF8C-4434-A04C-D25B00C3B117}.Debug|x86.ActiveCfg = Debug|Win32
		{F606F1DB-DF8C-4434-A04C-D25B00C3B117}.Debug|x86.Build.0 = Debug|Win32
		{F606F1DB-DF8C-4434-A04C-D25B00C3B117}.Release|x64.ActiveCfg = Release|x64
		{F606F1DB-DF8C-4434-A04C-D25B00C3B117}.Release|x64.Build.0 = Release|x64
		{F606F1DB-DF8C-4434-A04C-D25B00C3B117}.Release|x86.ActiveCfg = Release|Win32
		{F606F1DB-DF8C-4434-A04C-D25B00C3B117}.Release|x86.Build.0 = Release|Win32
	EndGlobalSection
	GlobalSection(SolutionProperties) = preSolution
		HideSolutionNode = FALSE
	EndGlobalSection
	GlobalSection(ExtensibilityGlobals) = postSolution
		SolutionGuid = {7E76153F-C3A7-4747-8B0B-6DEC9142BCF4}
	EndGlobalSection
EndGlobal
